// !$*UTF8*$!
{
	archiveVersion = 1;
	classes = {
	};
	objectVersion = 46;
	objects = {

/* Begin PBXBuildFile section */
		1514705B1836AE0F008AE3F0 /* cloud_front.png in Resources */ = {isa = PBXBuildFile; fileRef = 151470591836AE0F008AE3F0 /* cloud_front.png */; };
		1514705C1836AE0F008AE3F0 /* cloud_front@2x.png in Resources */ = {isa = PBXBuildFile; fileRef = 1514705A1836AE0F008AE3F0 /* cloud_front@2x.png */; };
		1514705E1836B38D008AE3F0 /* icon@2x.png in Resources */ = {isa = PBXBuildFile; fileRef = 1514705D1836B38D008AE3F0 /* icon@2x.png */; };
		151ED137183698A700AC3314 /* bookmark_badge.png in Resources */ = {isa = PBXBuildFile; fileRef = 151ED135183698A700AC3314 /* bookmark_badge.png */; };
		151ED138183698A700AC3314 /* bookmark_badge@2x.png in Resources */ = {isa = PBXBuildFile; fileRef = 151ED136183698A700AC3314 /* bookmark_badge@2x.png */; };
		1553D4D318355919005AD9EF /* contribute_review_1star.png in Resources */ = {isa = PBXBuildFile; fileRef = 1553D4BF18355919005AD9EF /* contribute_review_1star.png */; };
		1553D4D418355919005AD9EF /* contribute_review_1star@2x.png in Resources */ = {isa = PBXBuildFile; fileRef = 1553D4C018355919005AD9EF /* contribute_review_1star@2x.png */; };
		1553D4D518355919005AD9EF /* contribute_review_2star.png in Resources */ = {isa = PBXBuildFile; fileRef = 1553D4C118355919005AD9EF /* contribute_review_2star.png */; };
		1553D4D618355919005AD9EF /* contribute_review_2star@2x.png in Resources */ = {isa = PBXBuildFile; fileRef = 1553D4C218355919005AD9EF /* contribute_review_2star@2x.png */; };
		1553D4D718355919005AD9EF /* contribute_review_3star.png in Resources */ = {isa = PBXBuildFile; fileRef = 1553D4C318355919005AD9EF /* contribute_review_3star.png */; };
		1553D4D818355919005AD9EF /* contribute_review_3star@2x.png in Resources */ = {isa = PBXBuildFile; fileRef = 1553D4C418355919005AD9EF /* contribute_review_3star@2x.png */; };
		1553D4D918355919005AD9EF /* contribute_review_4star.png in Resources */ = {isa = PBXBuildFile; fileRef = 1553D4C518355919005AD9EF /* contribute_review_4star.png */; };
		1553D4DA18355919005AD9EF /* contribute_review_4star@2x.png in Resources */ = {isa = PBXBuildFile; fileRef = 1553D4C618355919005AD9EF /* contribute_review_4star@2x.png */; };
		1553D4DB18355919005AD9EF /* contribute_review_5star.png in Resources */ = {isa = PBXBuildFile; fileRef = 1553D4C718355919005AD9EF /* contribute_review_5star.png */; };
		1553D4DC18355919005AD9EF /* contribute_review_5star@2x.png in Resources */ = {isa = PBXBuildFile; fileRef = 1553D4C818355919005AD9EF /* contribute_review_5star@2x.png */; };
		1553D4DD18355919005AD9EF /* hammy.png in Resources */ = {isa = PBXBuildFile; fileRef = 1553D4C918355919005AD9EF /* hammy.png */; };
		1553D4DE18355919005AD9EF /* hammy@2x.png in Resources */ = {isa = PBXBuildFile; fileRef = 1553D4CA18355919005AD9EF /* hammy@2x.png */; };
		1553D4DF18355919005AD9EF /* rocket.png in Resources */ = {isa = PBXBuildFile; fileRef = 1553D4CB18355919005AD9EF /* rocket.png */; };
		1553D4E018355919005AD9EF /* rocket@2x.png in Resources */ = {isa = PBXBuildFile; fileRef = 1553D4CC18355919005AD9EF /* rocket@2x.png */; };
		1553D4E118355919005AD9EF /* rocket_interior.png in Resources */ = {isa = PBXBuildFile; fileRef = 1553D4CD18355919005AD9EF /* rocket_interior.png */; };
		1553D4E218355919005AD9EF /* rocket_interior@2x.png in Resources */ = {isa = PBXBuildFile; fileRef = 1553D4CE18355919005AD9EF /* rocket_interior@2x.png */; };
		1553D4E318355919005AD9EF /* yelp_logo.png in Resources */ = {isa = PBXBuildFile; fileRef = 1553D4CF18355919005AD9EF /* yelp_logo.png */; };
		1553D4E418355919005AD9EF /* yelp_logo@2x.png in Resources */ = {isa = PBXBuildFile; fileRef = 1553D4D018355919005AD9EF /* yelp_logo@2x.png */; };
		1553D4E518355919005AD9EF /* yelp_small_logo.png in Resources */ = {isa = PBXBuildFile; fileRef = 1553D4D118355919005AD9EF /* yelp_small_logo.png */; };
		1553D4E618355919005AD9EF /* yelp_small_logo@2x.png in Resources */ = {isa = PBXBuildFile; fileRef = 1553D4D218355919005AD9EF /* yelp_small_logo@2x.png */; };
		1553D4EA1835610B005AD9EF /* YKHammyRocket.m in Sources */ = {isa = PBXBuildFile; fileRef = 1553D4E91835610B005AD9EF /* YKHammyRocket.m */; };
		1553D4ED18357571005AD9EF /* YKRocketAmmo.m in Sources */ = {isa = PBXBuildFile; fileRef = 1553D4EC18357571005AD9EF /* YKRocketAmmo.m */; };
		1553D4F018358831005AD9EF /* YKInstructionsScene.m in Sources */ = {isa = PBXBuildFile; fileRef = 1553D4EF18358831005AD9EF /* YKInstructionsScene.m */; };
		1553D4F318358B88005AD9EF /* YKHighScoresScene.m in Sources */ = {isa = PBXBuildFile; fileRef = 1553D4F218358B88005AD9EF /* YKHighScoresScene.m */; };
		1553D4F618359066005AD9EF /* flame.png in Resources */ = {isa = PBXBuildFile; fileRef = 1553D4F418359066005AD9EF /* flame.png */; };
		1553D4F718359066005AD9EF /* flame@2x.png in Resources */ = {isa = PBXBuildFile; fileRef = 1553D4F518359066005AD9EF /* flame@2x.png */; };
		1553D4FA18359480005AD9EF /* check_burst.png in Resources */ = {isa = PBXBuildFile; fileRef = 1553D4F818359480005AD9EF /* check_burst.png */; };
		1553D4FB18359480005AD9EF /* check_burst@2x.png in Resources */ = {isa = PBXBuildFile; fileRef = 1553D4F918359480005AD9EF /* check_burst@2x.png */; };
		1553D4FE18359BFF005AD9EF /* YKPowerUp.m in Sources */ = {isa = PBXBuildFile; fileRef = 1553D4FD18359BFF005AD9EF /* YKPowerUp.m */; };
		1553D5011835C6EF005AD9EF /* YKLivesNodes.m in Sources */ = {isa = PBXBuildFile; fileRef = 1553D5001835C6EF005AD9EF /* YKLivesNodes.m */; };
		1553D5041835D64E005AD9EF /* YKGameOverScene.m in Sources */ = {isa = PBXBuildFile; fileRef = 1553D5031835D64E005AD9EF /* YKGameOverScene.m */; };
		1589BC9A1836C2CE00000128 /* AVFoundation.framework in Frameworks */ = {isa = PBXBuildFile; fileRef = 1589BC991836C2CE00000128 /* AVFoundation.framework */; };
		1589BC9D1836D48500000128 /* YKWaterBackgroundLayer.m in Sources */ = {isa = PBXBuildFile; fileRef = 1589BC9C1836D48500000128 /* YKWaterBackgroundLayer.m */; };
		1589BC9F1836D5E600000128 /* oceantile.png in Resources */ = {isa = PBXBuildFile; fileRef = 1589BC9E1836D5E600000128 /* oceantile.png */; };
		840180421835537700583789 /* Foundation.framework in Frameworks */ = {isa = PBXBuildFile; fileRef = 840180411835537700583789 /* Foundation.framework */; };
		840180441835537700583789 /* CoreGraphics.framework in Frameworks */ = {isa = PBXBuildFile; fileRef = 840180431835537700583789 /* CoreGraphics.framework */; };
		840180461835537700583789 /* UIKit.framework in Frameworks */ = {isa = PBXBuildFile; fileRef = 840180451835537700583789 /* UIKit.framework */; };
		8401804C1835537700583789 /* InfoPlist.strings in Resources */ = {isa = PBXBuildFile; fileRef = 8401804A1835537700583789 /* InfoPlist.strings */; };
		8401804E1835537700583789 /* main.m in Sources */ = {isa = PBXBuildFile; fileRef = 8401804D1835537700583789 /* main.m */; };
		840180521835537700583789 /* YKAppDelegate.m in Sources */ = {isa = PBXBuildFile; fileRef = 840180511835537700583789 /* YKAppDelegate.m */; };
		840180541835537700583789 /* Images.xcassets in Resources */ = {isa = PBXBuildFile; fileRef = 840180531835537700583789 /* Images.xcassets */; };
		8401805B1835537700583789 /* XCTest.framework in Frameworks */ = {isa = PBXBuildFile; fileRef = 8401805A1835537700583789 /* XCTest.framework */; };
		8401805C1835537700583789 /* Foundation.framework in Frameworks */ = {isa = PBXBuildFile; fileRef = 840180411835537700583789 /* Foundation.framework */; };
		8401805D1835537700583789 /* UIKit.framework in Frameworks */ = {isa = PBXBuildFile; fileRef = 840180451835537700583789 /* UIKit.framework */; };
		840180651835537700583789 /* InfoPlist.strings in Resources */ = {isa = PBXBuildFile; fileRef = 840180631835537700583789 /* InfoPlist.strings */; };
		840180671835537700583789 /* HammyRocketTests.m in Sources */ = {isa = PBXBuildFile; fileRef = 840180661835537700583789 /* HammyRocketTests.m */; };
		84018072183553BB00583789 /* YKSpriteViewController.m in Sources */ = {isa = PBXBuildFile; fileRef = 84018071183553BB00583789 /* YKSpriteViewController.m */; };
		840180761835561B00583789 /* YKTitleScene.m in Sources */ = {isa = PBXBuildFile; fileRef = 840180751835561B00583789 /* YKTitleScene.m */; };
		8432EE3118355C8A00684F7E /* YKGameScene.m in Sources */ = {isa = PBXBuildFile; fileRef = 8432EE3018355C8A00684F7E /* YKGameScene.m */; };
		8432EE6C18355D4F00684F7E /* fishbackground_parts.png in Resources */ = {isa = PBXBuildFile; fileRef = 8432EE3418355D4F00684F7E /* fishbackground_parts.png */; };
		8432EE6D18355D4F00684F7E /* fishbaddie_parts.png in Resources */ = {isa = PBXBuildFile; fileRef = 8432EE3518355D4F00684F7E /* fishbaddie_parts.png */; };
		8432EE6E18355D4F00684F7E /* fishdish_mockup.png in Resources */ = {isa = PBXBuildFile; fileRef = 8432EE3618355D4F00684F7E /* fishdish_mockup.png */; };
		8432EE6F18355D4F00684F7E /* fishsalmon_parts.png in Resources */ = {isa = PBXBuildFile; fileRef = 8432EE3718355D4F00684F7E /* fishsalmon_parts.png */; };
		8432EE7018355D4F00684F7E /* fishtitle.png in Resources */ = {isa = PBXBuildFile; fileRef = 8432EE3818355D4F00684F7E /* fishtitle.png */; };
		8432EE7118355D4F00684F7E /* fishtitle_parts.png in Resources */ = {isa = PBXBuildFile; fileRef = 8432EE3918355D4F00684F7E /* fishtitle_parts.png */; };
		8432EE7218355D4F00684F7E /* 128x128.png in Resources */ = {isa = PBXBuildFile; fileRef = 8432EE3B18355D4F00684F7E /* 128x128.png */; };
		8432EE7318355D4F00684F7E /* 16x16.png in Resources */ = {isa = PBXBuildFile; fileRef = 8432EE3C18355D4F00684F7E /* 16x16.png */; };
		8432EE7418355D4F00684F7E /* 24x24.png in Resources */ = {isa = PBXBuildFile; fileRef = 8432EE3D18355D4F00684F7E /* 24x24.png */; };
		8432EE7518355D4F00684F7E /* 32x32.png in Resources */ = {isa = PBXBuildFile; fileRef = 8432EE3E18355D4F00684F7E /* 32x32.png */; };
		8432EE7618355D4F00684F7E /* 36x36.png in Resources */ = {isa = PBXBuildFile; fileRef = 8432EE3F18355D4F00684F7E /* 36x36.png */; };
		8432EE7718355D4F00684F7E /* 40x40.png in Resources */ = {isa = PBXBuildFile; fileRef = 8432EE4018355D4F00684F7E /* 40x40.png */; };
		8432EE7818355D4F00684F7E /* 48x48.png in Resources */ = {isa = PBXBuildFile; fileRef = 8432EE4118355D4F00684F7E /* 48x48.png */; };
		8432EE7918355D4F00684F7E /* 64x128.png in Resources */ = {isa = PBXBuildFile; fileRef = 8432EE4218355D4F00684F7E /* 64x128.png */; };
		8432EE7A18355D4F00684F7E /* 64x64.png in Resources */ = {isa = PBXBuildFile; fileRef = 8432EE4318355D4F00684F7E /* 64x64.png */; };
		8432EE7B18355D4F00684F7E /* 64x96.png in Resources */ = {isa = PBXBuildFile; fileRef = 8432EE4418355D4F00684F7E /* 64x96.png */; };
		8432EE7C18355D4F00684F7E /* 96x96.png in Resources */ = {isa = PBXBuildFile; fileRef = 8432EE4518355D4F00684F7E /* 96x96.png */; };
		8432EE7D18355D4F00684F7E /* license.txt in Resources */ = {isa = PBXBuildFile; fileRef = 8432EE4618355D4F00684F7E /* license.txt */; };
		8432EE7E18355D4F00684F7E /* tankbrigade.png in Resources */ = {isa = PBXBuildFile; fileRef = 8432EE4818355D4F00684F7E /* tankbrigade.png */; };
		8432EE7F18355D4F00684F7E /* vehicles.png in Resources */ = {isa = PBXBuildFile; fileRef = 8432EE4918355D4F00684F7E /* vehicles.png */; };
		8432EE8018355D4F00684F7E /* arinoid_master.png in Resources */ = {isa = PBXBuildFile; fileRef = 8432EE4B18355D4F00684F7E /* arinoid_master.png */; };
		8432EE8118355D4F00684F7E /* arc1.png in Resources */ = {isa = PBXBuildFile; fileRef = 8432EE4D18355D4F00684F7E /* arc1.png */; };
		8432EE8218355D4F00684F7E /* arc2.png in Resources */ = {isa = PBXBuildFile; fileRef = 8432EE4E18355D4F00684F7E /* arc2.png */; };
		8432EE8318355D4F00684F7E /* assort.png in Resources */ = {isa = PBXBuildFile; fileRef = 8432EE4F18355D4F00684F7E /* assort.png */; };
		8432EE8418355D4F00684F7E /* assort2.png in Resources */ = {isa = PBXBuildFile; fileRef = 8432EE5018355D4F00684F7E /* assort2.png */; };
		8432EE8518355D4F00684F7E /* bat.png in Resources */ = {isa = PBXBuildFile; fileRef = 8432EE5118355D4F00684F7E /* bat.png */; };
		8432EE8618355D4F00684F7E /* blocks1.png in Resources */ = {isa = PBXBuildFile; fileRef = 8432EE5218355D4F00684F7E /* blocks1.png */; };
		8432EE8718355D4F00684F7E /* blocks2.png in Resources */ = {isa = PBXBuildFile; fileRef = 8432EE5318355D4F00684F7E /* blocks2.png */; };
		8432EE8818355D4F00684F7E /* char1.png in Resources */ = {isa = PBXBuildFile; fileRef = 8432EE5418355D4F00684F7E /* char1.png */; };
		8432EE8918355D4F00684F7E /* char10.png in Resources */ = {isa = PBXBuildFile; fileRef = 8432EE5518355D4F00684F7E /* char10.png */; };
		8432EE8A18355D4F00684F7E /* char11.png in Resources */ = {isa = PBXBuildFile; fileRef = 8432EE5618355D4F00684F7E /* char11.png */; };
		8432EE8B18355D4F00684F7E /* char2.png in Resources */ = {isa = PBXBuildFile; fileRef = 8432EE5718355D4F00684F7E /* char2.png */; };
		8432EE8C18355D4F00684F7E /* char3.png in Resources */ = {isa = PBXBuildFile; fileRef = 8432EE5818355D4F00684F7E /* char3.png */; };
		8432EE8D18355D4F00684F7E /* char4.png in Resources */ = {isa = PBXBuildFile; fileRef = 8432EE5918355D4F00684F7E /* char4.png */; };
		8432EE8E18355D4F00684F7E /* char5.png in Resources */ = {isa = PBXBuildFile; fileRef = 8432EE5A18355D4F00684F7E /* char5.png */; };
		8432EE8F18355D4F00684F7E /* char6.png in Resources */ = {isa = PBXBuildFile; fileRef = 8432EE5B18355D4F00684F7E /* char6.png */; };
		8432EE9018355D4F00684F7E /* char7.png in Resources */ = {isa = PBXBuildFile; fileRef = 8432EE5C18355D4F00684F7E /* char7.png */; };
		8432EE9118355D4F00684F7E /* char8.png in Resources */ = {isa = PBXBuildFile; fileRef = 8432EE5D18355D4F00684F7E /* char8.png */; };
		8432EE9218355D4F00684F7E /* char9.png in Resources */ = {isa = PBXBuildFile; fileRef = 8432EE5E18355D4F00684F7E /* char9.png */; };
		8432EE9318355D4F00684F7E /* dino.png in Resources */ = {isa = PBXBuildFile; fileRef = 8432EE5F18355D4F00684F7E /* dino.png */; };
		8432EE9418355D4F00684F7E /* pickups.png in Resources */ = {isa = PBXBuildFile; fileRef = 8432EE6018355D4F00684F7E /* pickups.png */; };
		8432EE9518355D4F00684F7E /* SPY.png in Resources */ = {isa = PBXBuildFile; fileRef = 8432EE6118355D4F00684F7E /* SPY.png */; };
		8432EE9618355D4F00684F7E /* 1945.png in Resources */ = {isa = PBXBuildFile; fileRef = 8432EE6318355D4F00684F7E /* 1945.png */; };
		8432EE9718355D4F00684F7E /* action1.png in Resources */ = {isa = PBXBuildFile; fileRef = 8432EE6418355D4F00684F7E /* action1.png */; };
		8432EE9818355D4F00684F7E /* bugz.png in Resources */ = {isa = PBXBuildFile; fileRef = 8432EE6518355D4F00684F7E /* bugz.png */; };
		8432EE9918355D4F00684F7E /* disasteroids2_boss.png in Resources */ = {isa = PBXBuildFile; fileRef = 8432EE6618355D4F00684F7E /* disasteroids2_boss.png */; };
		8432EE9A18355D4F00684F7E /* disasteroids2_master.png in Resources */ = {isa = PBXBuildFile; fileRef = 8432EE6718355D4F00684F7E /* disasteroids2_master.png */; };
		8432EE9B18355D4F00684F7E /* disasteroids2_rocks.png in Resources */ = {isa = PBXBuildFile; fileRef = 8432EE6818355D4F00684F7E /* disasteroids2_rocks.png */; };
		8432EE9C18355D4F00684F7E /* heli.png in Resources */ = {isa = PBXBuildFile; fileRef = 8432EE6918355D4F00684F7E /* heli.png */; };
		8432EE9D18355D4F00684F7E /* invader.png in Resources */ = {isa = PBXBuildFile; fileRef = 8432EE6A18355D4F00684F7E /* invader.png */; };
		8432EE9E18355D4F00684F7E /* invader2.png in Resources */ = {isa = PBXBuildFile; fileRef = 8432EE6B18355D4F00684F7E /* invader2.png */; };
		8432EEB018355FA500684F7E /* CPExplosionEmitterNode.m in Sources */ = {isa = PBXBuildFile; fileRef = 8432EEA718355FA500684F7E /* CPExplosionEmitterNode.m */; };
		8432EEB118355FA500684F7E /* CPMath.m in Sources */ = {isa = PBXBuildFile; fileRef = 8432EEA918355FA500684F7E /* CPMath.m */; };
		8432EEB218355FA500684F7E /* CPRocketNode.m in Sources */ = {isa = PBXBuildFile; fileRef = 8432EEAB18355FA500684F7E /* CPRocketNode.m */; };
		8432EEB318355FA500684F7E /* CPSimpleSpriteFactory.m in Sources */ = {isa = PBXBuildFile; fileRef = 8432EEAD18355FA500684F7E /* CPSimpleSpriteFactory.m */; };
		8432EEB418355FA500684F7E /* CPSmokeEmitterNode.m in Sources */ = {isa = PBXBuildFile; fileRef = 8432EEAF18355FA500684F7E /* CPSmokeEmitterNode.m */; };
		8432EEB71835620100684F7E /* YKAirplaneNode.m in Sources */ = {isa = PBXBuildFile; fileRef = 8432EEB61835620100684F7E /* YKAirplaneNode.m */; };
		8432EEBB1835629200684F7E /* UIImage+YKUtils.m in Sources */ = {isa = PBXBuildFile; fileRef = 8432EEBA1835629200684F7E /* UIImage+YKUtils.m */; };
		84E867B318357743008D2B71 /* YKLevelScheduler.m in Sources */ = {isa = PBXBuildFile; fileRef = 84E867B218357743008D2B71 /* YKLevelScheduler.m */; };
		84E867B618357793008D2B71 /* YKLevelEvent.m in Sources */ = {isa = PBXBuildFile; fileRef = 84E867B518357793008D2B71 /* YKLevelEvent.m */; };
		84E867B918357F82008D2B71 /* YKEnemyNode.m in Sources */ = {isa = PBXBuildFile; fileRef = 84E867B818357F82008D2B71 /* YKEnemyNode.m */; };
		84E867BC18358727008D2B71 /* YKEnemyAmmo.m in Sources */ = {isa = PBXBuildFile; fileRef = 84E867BB18358727008D2B71 /* YKEnemyAmmo.m */; };
		84E867BF1835DAD6008D2B71 /* YKEnemyEventFactory.m in Sources */ = {isa = PBXBuildFile; fileRef = 84E867BE1835DAD6008D2B71 /* YKEnemyEventFactory.m */; };
		84E867C21835E58B008D2B71 /* YKBigPlaneNode.m in Sources */ = {isa = PBXBuildFile; fileRef = 84E867C11835E58B008D2B71 /* YKBigPlaneNode.m */; };
		84E867C41835E874008D2B71 /* bigplane.png in Resources */ = {isa = PBXBuildFile; fileRef = 84E867C31835E874008D2B71 /* bigplane.png */; };
		84E867C718360C9F008D2B71 /* YKSubmarineNode.m in Sources */ = {isa = PBXBuildFile; fileRef = 84E867C618360C9F008D2B71 /* YKSubmarineNode.m */; };
		84E867C918360E6A008D2B71 /* submarine.png in Resources */ = {isa = PBXBuildFile; fileRef = 84E867C818360E6A008D2B71 /* submarine.png */; };
		84E867CC1836891E008D2B71 /* YKMissile.m in Sources */ = {isa = PBXBuildFile; fileRef = 84E867CB1836891E008D2B71 /* YKMissile.m */; };
		84E867CF18369496008D2B71 /* kirchoffs_law.wav in Resources */ = {isa = PBXBuildFile; fileRef = 84E867CE18369496008D2B71 /* kirchoffs_law.wav */; };
		84E867D1183699A4008D2B71 /* GStippyG150.wav in Resources */ = {isa = PBXBuildFile; fileRef = 84E867D0183699A4008D2B71 /* GStippyG150.wav */; };
		84E867D318369C66008D2B71 /* gun.wav in Resources */ = {isa = PBXBuildFile; fileRef = 84E867D218369C66008D2B71 /* gun.wav */; };
		84E867D518369DDF008D2B71 /* explosion.wav in Resources */ = {isa = PBXBuildFile; fileRef = 84E867D418369DDF008D2B71 /* explosion.wav */; };
		84E867D81836A259008D2B71 /* YKIslandBackgroundLayer.m in Sources */ = {isa = PBXBuildFile; fileRef = 84E867D71836A259008D2B71 /* YKIslandBackgroundLayer.m */; };
		84E867DA1836A4FE008D2B71 /* menu_select_15.wav in Resources */ = {isa = PBXBuildFile; fileRef = 84E867D91836A4FE008D2B71 /* menu_select_15.wav */; };
		84E867DD1836AE01008D2B71 /* YKCloudBackgroundLayer.m in Sources */ = {isa = PBXBuildFile; fileRef = 84E867DC1836AE01008D2B71 /* YKCloudBackgroundLayer.m */; };
/* End PBXBuildFile section */

/* Begin PBXContainerItemProxy section */
		8401805E1835537700583789 /* PBXContainerItemProxy */ = {
			isa = PBXContainerItemProxy;
			containerPortal = 840180361835537700583789 /* Project object */;
			proxyType = 1;
			remoteGlobalIDString = 8401803D1835537700583789;
			remoteInfo = HammyRocket;
		};
/* End PBXContainerItemProxy section */

/* Begin PBXFileReference section */
		151470591836AE0F008AE3F0 /* cloud_front.png */ = {isa = PBXFileReference; lastKnownFileType = image.png; path = cloud_front.png; sourceTree = "<group>"; };
		1514705A1836AE0F008AE3F0 /* cloud_front@2x.png */ = {isa = PBXFileReference; lastKnownFileType = image.png; path = "cloud_front@2x.png"; sourceTree = "<group>"; };
		1514705D1836B38D008AE3F0 /* icon@2x.png */ = {isa = PBXFileReference; lastKnownFileType = image.png; path = "icon@2x.png"; sourceTree = "<group>"; };
		151ED135183698A700AC3314 /* bookmark_badge.png */ = {isa = PBXFileReference; lastKnownFileType = image.png; path = bookmark_badge.png; sourceTree = "<group>"; };
		151ED136183698A700AC3314 /* bookmark_badge@2x.png */ = {isa = PBXFileReference; lastKnownFileType = image.png; path = "bookmark_badge@2x.png"; sourceTree = "<group>"; };
		1553D4BF18355919005AD9EF /* contribute_review_1star.png */ = {isa = PBXFileReference; lastKnownFileType = image.png; path = contribute_review_1star.png; sourceTree = "<group>"; };
		1553D4C018355919005AD9EF /* contribute_review_1star@2x.png */ = {isa = PBXFileReference; lastKnownFileType = image.png; path = "contribute_review_1star@2x.png"; sourceTree = "<group>"; };
		1553D4C118355919005AD9EF /* contribute_review_2star.png */ = {isa = PBXFileReference; lastKnownFileType = image.png; path = contribute_review_2star.png; sourceTree = "<group>"; };
		1553D4C218355919005AD9EF /* contribute_review_2star@2x.png */ = {isa = PBXFileReference; lastKnownFileType = image.png; path = "contribute_review_2star@2x.png"; sourceTree = "<group>"; };
		1553D4C318355919005AD9EF /* contribute_review_3star.png */ = {isa = PBXFileReference; lastKnownFileType = image.png; path = contribute_review_3star.png; sourceTree = "<group>"; };
		1553D4C418355919005AD9EF /* contribute_review_3star@2x.png */ = {isa = PBXFileReference; lastKnownFileType = image.png; path = "contribute_review_3star@2x.png"; sourceTree = "<group>"; };
		1553D4C518355919005AD9EF /* contribute_review_4star.png */ = {isa = PBXFileReference; lastKnownFileType = image.png; path = contribute_review_4star.png; sourceTree = "<group>"; };
		1553D4C618355919005AD9EF /* contribute_review_4star@2x.png */ = {isa = PBXFileReference; lastKnownFileType = image.png; path = "contribute_review_4star@2x.png"; sourceTree = "<group>"; };
		1553D4C718355919005AD9EF /* contribute_review_5star.png */ = {isa = PBXFileReference; lastKnownFileType = image.png; path = contribute_review_5star.png; sourceTree = "<group>"; };
		1553D4C818355919005AD9EF /* contribute_review_5star@2x.png */ = {isa = PBXFileReference; lastKnownFileType = image.png; path = "contribute_review_5star@2x.png"; sourceTree = "<group>"; };
		1553D4C918355919005AD9EF /* hammy.png */ = {isa = PBXFileReference; lastKnownFileType = image.png; path = hammy.png; sourceTree = "<group>"; };
		1553D4CA18355919005AD9EF /* hammy@2x.png */ = {isa = PBXFileReference; lastKnownFileType = image.png; path = "hammy@2x.png"; sourceTree = "<group>"; };
		1553D4CB18355919005AD9EF /* rocket.png */ = {isa = PBXFileReference; lastKnownFileType = image.png; path = rocket.png; sourceTree = "<group>"; };
		1553D4CC18355919005AD9EF /* rocket@2x.png */ = {isa = PBXFileReference; lastKnownFileType = image.png; path = "rocket@2x.png"; sourceTree = "<group>"; };
		1553D4CD18355919005AD9EF /* rocket_interior.png */ = {isa = PBXFileReference; lastKnownFileType = image.png; path = rocket_interior.png; sourceTree = "<group>"; };
		1553D4CE18355919005AD9EF /* rocket_interior@2x.png */ = {isa = PBXFileReference; lastKnownFileType = image.png; path = "rocket_interior@2x.png"; sourceTree = "<group>"; };
		1553D4CF18355919005AD9EF /* yelp_logo.png */ = {isa = PBXFileReference; lastKnownFileType = image.png; path = yelp_logo.png; sourceTree = "<group>"; };
		1553D4D018355919005AD9EF /* yelp_logo@2x.png */ = {isa = PBXFileReference; lastKnownFileType = image.png; path = "yelp_logo@2x.png"; sourceTree = "<group>"; };
		1553D4D118355919005AD9EF /* yelp_small_logo.png */ = {isa = PBXFileReference; lastKnownFileType = image.png; path = yelp_small_logo.png; sourceTree = "<group>"; };
		1553D4D218355919005AD9EF /* yelp_small_logo@2x.png */ = {isa = PBXFileReference; lastKnownFileType = image.png; path = "yelp_small_logo@2x.png"; sourceTree = "<group>"; };
		1553D4E81835610B005AD9EF /* YKHammyRocket.h */ = {isa = PBXFileReference; fileEncoding = 4; lastKnownFileType = sourcecode.c.h; path = YKHammyRocket.h; sourceTree = "<group>"; };
		1553D4E91835610B005AD9EF /* YKHammyRocket.m */ = {isa = PBXFileReference; fileEncoding = 4; lastKnownFileType = sourcecode.c.objc; path = YKHammyRocket.m; sourceTree = "<group>"; };
		1553D4EB18357571005AD9EF /* YKRocketAmmo.h */ = {isa = PBXFileReference; fileEncoding = 4; lastKnownFileType = sourcecode.c.h; path = YKRocketAmmo.h; sourceTree = "<group>"; };
		1553D4EC18357571005AD9EF /* YKRocketAmmo.m */ = {isa = PBXFileReference; fileEncoding = 4; lastKnownFileType = sourcecode.c.objc; path = YKRocketAmmo.m; sourceTree = "<group>"; };
		1553D4EE18358831005AD9EF /* YKInstructionsScene.h */ = {isa = PBXFileReference; fileEncoding = 4; lastKnownFileType = sourcecode.c.h; path = YKInstructionsScene.h; sourceTree = "<group>"; };
		1553D4EF18358831005AD9EF /* YKInstructionsScene.m */ = {isa = PBXFileReference; fileEncoding = 4; lastKnownFileType = sourcecode.c.objc; path = YKInstructionsScene.m; sourceTree = "<group>"; };
		1553D4F118358B88005AD9EF /* YKHighScoresScene.h */ = {isa = PBXFileReference; fileEncoding = 4; lastKnownFileType = sourcecode.c.h; path = YKHighScoresScene.h; sourceTree = "<group>"; };
		1553D4F218358B88005AD9EF /* YKHighScoresScene.m */ = {isa = PBXFileReference; fileEncoding = 4; lastKnownFileType = sourcecode.c.objc; path = YKHighScoresScene.m; sourceTree = "<group>"; };
		1553D4F418359066005AD9EF /* flame.png */ = {isa = PBXFileReference; lastKnownFileType = image.png; path = flame.png; sourceTree = "<group>"; };
		1553D4F518359066005AD9EF /* flame@2x.png */ = {isa = PBXFileReference; lastKnownFileType = image.png; path = "flame@2x.png"; sourceTree = "<group>"; };
		1553D4F818359480005AD9EF /* check_burst.png */ = {isa = PBXFileReference; lastKnownFileType = image.png; path = check_burst.png; sourceTree = "<group>"; };
		1553D4F918359480005AD9EF /* check_burst@2x.png */ = {isa = PBXFileReference; lastKnownFileType = image.png; path = "check_burst@2x.png"; sourceTree = "<group>"; };
		1553D4FC18359BFF005AD9EF /* YKPowerUp.h */ = {isa = PBXFileReference; fileEncoding = 4; lastKnownFileType = sourcecode.c.h; path = YKPowerUp.h; sourceTree = "<group>"; };
		1553D4FD18359BFF005AD9EF /* YKPowerUp.m */ = {isa = PBXFileReference; fileEncoding = 4; lastKnownFileType = sourcecode.c.objc; path = YKPowerUp.m; sourceTree = "<group>"; };
		1553D4FF1835C6EF005AD9EF /* YKLivesNodes.h */ = {isa = PBXFileReference; fileEncoding = 4; lastKnownFileType = sourcecode.c.h; path = YKLivesNodes.h; sourceTree = "<group>"; };
		1553D5001835C6EF005AD9EF /* YKLivesNodes.m */ = {isa = PBXFileReference; fileEncoding = 4; lastKnownFileType = sourcecode.c.objc; path = YKLivesNodes.m; sourceTree = "<group>"; };
		1553D5021835D64E005AD9EF /* YKGameOverScene.h */ = {isa = PBXFileReference; fileEncoding = 4; lastKnownFileType = sourcecode.c.h; path = YKGameOverScene.h; sourceTree = "<group>"; };
		1553D5031835D64E005AD9EF /* YKGameOverScene.m */ = {isa = PBXFileReference; fileEncoding = 4; lastKnownFileType = sourcecode.c.objc; path = YKGameOverScene.m; sourceTree = "<group>"; };
		1589BC991836C2CE00000128 /* AVFoundation.framework */ = {isa = PBXFileReference; lastKnownFileType = wrapper.framework; name = AVFoundation.framework; path = System/Library/Frameworks/AVFoundation.framework; sourceTree = SDKROOT; };
		1589BC9B1836D48500000128 /* YKWaterBackgroundLayer.h */ = {isa = PBXFileReference; fileEncoding = 4; lastKnownFileType = sourcecode.c.h; path = YKWaterBackgroundLayer.h; sourceTree = "<group>"; };
		1589BC9C1836D48500000128 /* YKWaterBackgroundLayer.m */ = {isa = PBXFileReference; fileEncoding = 4; lastKnownFileType = sourcecode.c.objc; path = YKWaterBackgroundLayer.m; sourceTree = "<group>"; };
		1589BC9E1836D5E600000128 /* oceantile.png */ = {isa = PBXFileReference; lastKnownFileType = image.png; path = oceantile.png; sourceTree = "<group>"; };
		8401803E1835537700583789 /* HammyRocket.app */ = {isa = PBXFileReference; explicitFileType = wrapper.application; includeInIndex = 0; path = HammyRocket.app; sourceTree = BUILT_PRODUCTS_DIR; };
		840180411835537700583789 /* Foundation.framework */ = {isa = PBXFileReference; lastKnownFileType = wrapper.framework; name = Foundation.framework; path = System/Library/Frameworks/Foundation.framework; sourceTree = SDKROOT; };
		840180431835537700583789 /* CoreGraphics.framework */ = {isa = PBXFileReference; lastKnownFileType = wrapper.framework; name = CoreGraphics.framework; path = System/Library/Frameworks/CoreGraphics.framework; sourceTree = SDKROOT; };
		840180451835537700583789 /* UIKit.framework */ = {isa = PBXFileReference; lastKnownFileType = wrapper.framework; name = UIKit.framework; path = System/Library/Frameworks/UIKit.framework; sourceTree = SDKROOT; };
		840180491835537700583789 /* HammyRocket-Info.plist */ = {isa = PBXFileReference; lastKnownFileType = text.plist.xml; path = "HammyRocket-Info.plist"; sourceTree = "<group>"; };
		8401804B1835537700583789 /* en */ = {isa = PBXFileReference; lastKnownFileType = text.plist.strings; name = en; path = en.lproj/InfoPlist.strings; sourceTree = "<group>"; };
		8401804D1835537700583789 /* main.m */ = {isa = PBXFileReference; lastKnownFileType = sourcecode.c.objc; path = main.m; sourceTree = "<group>"; };
		8401804F1835537700583789 /* HammyRocket-Prefix.pch */ = {isa = PBXFileReference; lastKnownFileType = sourcecode.c.h; path = "HammyRocket-Prefix.pch"; sourceTree = "<group>"; };
		840180501835537700583789 /* YKAppDelegate.h */ = {isa = PBXFileReference; lastKnownFileType = sourcecode.c.h; path = YKAppDelegate.h; sourceTree = "<group>"; };
		840180511835537700583789 /* YKAppDelegate.m */ = {isa = PBXFileReference; lastKnownFileType = sourcecode.c.objc; path = YKAppDelegate.m; sourceTree = "<group>"; };
		840180531835537700583789 /* Images.xcassets */ = {isa = PBXFileReference; lastKnownFileType = folder.assetcatalog; path = Images.xcassets; sourceTree = "<group>"; };
		840180591835537700583789 /* HammyRocketTests.xctest */ = {isa = PBXFileReference; explicitFileType = wrapper.cfbundle; includeInIndex = 0; path = HammyRocketTests.xctest; sourceTree = BUILT_PRODUCTS_DIR; };
		8401805A1835537700583789 /* XCTest.framework */ = {isa = PBXFileReference; lastKnownFileType = wrapper.framework; name = XCTest.framework; path = Library/Frameworks/XCTest.framework; sourceTree = DEVELOPER_DIR; };
		840180621835537700583789 /* HammyRocketTests-Info.plist */ = {isa = PBXFileReference; lastKnownFileType = text.plist.xml; path = "HammyRocketTests-Info.plist"; sourceTree = "<group>"; };
		840180641835537700583789 /* en */ = {isa = PBXFileReference; lastKnownFileType = text.plist.strings; name = en; path = en.lproj/InfoPlist.strings; sourceTree = "<group>"; };
		840180661835537700583789 /* HammyRocketTests.m */ = {isa = PBXFileReference; lastKnownFileType = sourcecode.c.objc; path = HammyRocketTests.m; sourceTree = "<group>"; };
		84018070183553BB00583789 /* YKSpriteViewController.h */ = {isa = PBXFileReference; fileEncoding = 4; lastKnownFileType = sourcecode.c.h; path = YKSpriteViewController.h; sourceTree = "<group>"; };
		84018071183553BB00583789 /* YKSpriteViewController.m */ = {isa = PBXFileReference; fileEncoding = 4; lastKnownFileType = sourcecode.c.objc; path = YKSpriteViewController.m; sourceTree = "<group>"; };
		840180741835561B00583789 /* YKTitleScene.h */ = {isa = PBXFileReference; fileEncoding = 4; lastKnownFileType = sourcecode.c.h; path = YKTitleScene.h; sourceTree = "<group>"; };
		840180751835561B00583789 /* YKTitleScene.m */ = {isa = PBXFileReference; fileEncoding = 4; lastKnownFileType = sourcecode.c.objc; path = YKTitleScene.m; sourceTree = "<group>"; };
		8432EE2F18355C8A00684F7E /* YKGameScene.h */ = {isa = PBXFileReference; fileEncoding = 4; lastKnownFileType = sourcecode.c.h; path = YKGameScene.h; sourceTree = "<group>"; };
		8432EE3018355C8A00684F7E /* YKGameScene.m */ = {isa = PBXFileReference; fileEncoding = 4; lastKnownFileType = sourcecode.c.objc; path = YKGameScene.m; sourceTree = "<group>"; };
		8432EE3418355D4F00684F7E /* fishbackground_parts.png */ = {isa = PBXFileReference; lastKnownFileType = image.png; path = fishbackground_parts.png; sourceTree = "<group>"; };
		8432EE3518355D4F00684F7E /* fishbaddie_parts.png */ = {isa = PBXFileReference; lastKnownFileType = image.png; path = fishbaddie_parts.png; sourceTree = "<group>"; };
		8432EE3618355D4F00684F7E /* fishdish_mockup.png */ = {isa = PBXFileReference; lastKnownFileType = image.png; path = fishdish_mockup.png; sourceTree = "<group>"; };
		8432EE3718355D4F00684F7E /* fishsalmon_parts.png */ = {isa = PBXFileReference; lastKnownFileType = image.png; path = fishsalmon_parts.png; sourceTree = "<group>"; };
		8432EE3818355D4F00684F7E /* fishtitle.png */ = {isa = PBXFileReference; lastKnownFileType = image.png; path = fishtitle.png; sourceTree = "<group>"; };
		8432EE3918355D4F00684F7E /* fishtitle_parts.png */ = {isa = PBXFileReference; lastKnownFileType = image.png; path = fishtitle_parts.png; sourceTree = "<group>"; };
		8432EE3B18355D4F00684F7E /* 128x128.png */ = {isa = PBXFileReference; lastKnownFileType = image.png; path = 128x128.png; sourceTree = "<group>"; };
		8432EE3C18355D4F00684F7E /* 16x16.png */ = {isa = PBXFileReference; lastKnownFileType = image.png; path = 16x16.png; sourceTree = "<group>"; };
		8432EE3D18355D4F00684F7E /* 24x24.png */ = {isa = PBXFileReference; lastKnownFileType = image.png; path = 24x24.png; sourceTree = "<group>"; };
		8432EE3E18355D4F00684F7E /* 32x32.png */ = {isa = PBXFileReference; lastKnownFileType = image.png; path = 32x32.png; sourceTree = "<group>"; };
		8432EE3F18355D4F00684F7E /* 36x36.png */ = {isa = PBXFileReference; lastKnownFileType = image.png; path = 36x36.png; sourceTree = "<group>"; };
		8432EE4018355D4F00684F7E /* 40x40.png */ = {isa = PBXFileReference; lastKnownFileType = image.png; path = 40x40.png; sourceTree = "<group>"; };
		8432EE4118355D4F00684F7E /* 48x48.png */ = {isa = PBXFileReference; lastKnownFileType = image.png; path = 48x48.png; sourceTree = "<group>"; };
		8432EE4218355D4F00684F7E /* 64x128.png */ = {isa = PBXFileReference; lastKnownFileType = image.png; path = 64x128.png; sourceTree = "<group>"; };
		8432EE4318355D4F00684F7E /* 64x64.png */ = {isa = PBXFileReference; lastKnownFileType = image.png; path = 64x64.png; sourceTree = "<group>"; };
		8432EE4418355D4F00684F7E /* 64x96.png */ = {isa = PBXFileReference; lastKnownFileType = image.png; path = 64x96.png; sourceTree = "<group>"; };
		8432EE4518355D4F00684F7E /* 96x96.png */ = {isa = PBXFileReference; lastKnownFileType = image.png; path = 96x96.png; sourceTree = "<group>"; };
		8432EE4618355D4F00684F7E /* license.txt */ = {isa = PBXFileReference; fileEncoding = 4; lastKnownFileType = text; path = license.txt; sourceTree = "<group>"; };
		8432EE4818355D4F00684F7E /* tankbrigade.png */ = {isa = PBXFileReference; lastKnownFileType = image.png; path = tankbrigade.png; sourceTree = "<group>"; };
		8432EE4918355D4F00684F7E /* vehicles.png */ = {isa = PBXFileReference; lastKnownFileType = image.png; path = vehicles.png; sourceTree = "<group>"; };
		8432EE4B18355D4F00684F7E /* arinoid_master.png */ = {isa = PBXFileReference; lastKnownFileType = image.png; path = arinoid_master.png; sourceTree = "<group>"; };
		8432EE4D18355D4F00684F7E /* arc1.png */ = {isa = PBXFileReference; lastKnownFileType = image.png; path = arc1.png; sourceTree = "<group>"; };
		8432EE4E18355D4F00684F7E /* arc2.png */ = {isa = PBXFileReference; lastKnownFileType = image.png; path = arc2.png; sourceTree = "<group>"; };
		8432EE4F18355D4F00684F7E /* assort.png */ = {isa = PBXFileReference; lastKnownFileType = image.png; path = assort.png; sourceTree = "<group>"; };
		8432EE5018355D4F00684F7E /* assort2.png */ = {isa = PBXFileReference; lastKnownFileType = image.png; path = assort2.png; sourceTree = "<group>"; };
		8432EE5118355D4F00684F7E /* bat.png */ = {isa = PBXFileReference; lastKnownFileType = image.png; path = bat.png; sourceTree = "<group>"; };
		8432EE5218355D4F00684F7E /* blocks1.png */ = {isa = PBXFileReference; lastKnownFileType = image.png; path = blocks1.png; sourceTree = "<group>"; };
		8432EE5318355D4F00684F7E /* blocks2.png */ = {isa = PBXFileReference; lastKnownFileType = image.png; path = blocks2.png; sourceTree = "<group>"; };
		8432EE5418355D4F00684F7E /* char1.png */ = {isa = PBXFileReference; lastKnownFileType = image.png; path = char1.png; sourceTree = "<group>"; };
		8432EE5518355D4F00684F7E /* char10.png */ = {isa = PBXFileReference; lastKnownFileType = image.png; path = char10.png; sourceTree = "<group>"; };
		8432EE5618355D4F00684F7E /* char11.png */ = {isa = PBXFileReference; lastKnownFileType = image.png; path = char11.png; sourceTree = "<group>"; };
		8432EE5718355D4F00684F7E /* char2.png */ = {isa = PBXFileReference; lastKnownFileType = image.png; path = char2.png; sourceTree = "<group>"; };
		8432EE5818355D4F00684F7E /* char3.png */ = {isa = PBXFileReference; lastKnownFileType = image.png; path = char3.png; sourceTree = "<group>"; };
		8432EE5918355D4F00684F7E /* char4.png */ = {isa = PBXFileReference; lastKnownFileType = image.png; path = char4.png; sourceTree = "<group>"; };
		8432EE5A18355D4F00684F7E /* char5.png */ = {isa = PBXFileReference; lastKnownFileType = image.png; path = char5.png; sourceTree = "<group>"; };
		8432EE5B18355D4F00684F7E /* char6.png */ = {isa = PBXFileReference; lastKnownFileType = image.png; path = char6.png; sourceTree = "<group>"; };
		8432EE5C18355D4F00684F7E /* char7.png */ = {isa = PBXFileReference; lastKnownFileType = image.png; path = char7.png; sourceTree = "<group>"; };
		8432EE5D18355D4F00684F7E /* char8.png */ = {isa = PBXFileReference; lastKnownFileType = image.png; path = char8.png; sourceTree = "<group>"; };
		8432EE5E18355D4F00684F7E /* char9.png */ = {isa = PBXFileReference; lastKnownFileType = image.png; path = char9.png; sourceTree = "<group>"; };
		8432EE5F18355D4F00684F7E /* dino.png */ = {isa = PBXFileReference; lastKnownFileType = image.png; path = dino.png; sourceTree = "<group>"; };
		8432EE6018355D4F00684F7E /* pickups.png */ = {isa = PBXFileReference; lastKnownFileType = image.png; path = pickups.png; sourceTree = "<group>"; };
		8432EE6118355D4F00684F7E /* SPY.png */ = {isa = PBXFileReference; lastKnownFileType = image.png; path = SPY.png; sourceTree = "<group>"; };
		8432EE6318355D4F00684F7E /* 1945.png */ = {isa = PBXFileReference; lastKnownFileType = image.png; path = 1945.png; sourceTree = "<group>"; };
		8432EE6418355D4F00684F7E /* action1.png */ = {isa = PBXFileReference; lastKnownFileType = image.png; path = action1.png; sourceTree = "<group>"; };
		8432EE6518355D4F00684F7E /* bugz.png */ = {isa = PBXFileReference; lastKnownFileType = image.png; path = bugz.png; sourceTree = "<group>"; };
		8432EE6618355D4F00684F7E /* disasteroids2_boss.png */ = {isa = PBXFileReference; lastKnownFileType = image.png; path = disasteroids2_boss.png; sourceTree = "<group>"; };
		8432EE6718355D4F00684F7E /* disasteroids2_master.png */ = {isa = PBXFileReference; lastKnownFileType = image.png; path = disasteroids2_master.png; sourceTree = "<group>"; };
		8432EE6818355D4F00684F7E /* disasteroids2_rocks.png */ = {isa = PBXFileReference; lastKnownFileType = image.png; path = disasteroids2_rocks.png; sourceTree = "<group>"; };
		8432EE6918355D4F00684F7E /* heli.png */ = {isa = PBXFileReference; lastKnownFileType = image.png; path = heli.png; sourceTree = "<group>"; };
		8432EE6A18355D4F00684F7E /* invader.png */ = {isa = PBXFileReference; lastKnownFileType = image.png; path = invader.png; sourceTree = "<group>"; };
		8432EE6B18355D4F00684F7E /* invader2.png */ = {isa = PBXFileReference; lastKnownFileType = image.png; path = invader2.png; sourceTree = "<group>"; };
		8432EEA618355FA500684F7E /* CPExplosionEmitterNode.h */ = {isa = PBXFileReference; fileEncoding = 4; lastKnownFileType = sourcecode.c.h; path = CPExplosionEmitterNode.h; sourceTree = "<group>"; };
		8432EEA718355FA500684F7E /* CPExplosionEmitterNode.m */ = {isa = PBXFileReference; fileEncoding = 4; lastKnownFileType = sourcecode.c.objc; path = CPExplosionEmitterNode.m; sourceTree = "<group>"; };
		8432EEA818355FA500684F7E /* CPMath.h */ = {isa = PBXFileReference; fileEncoding = 4; lastKnownFileType = sourcecode.c.h; path = CPMath.h; sourceTree = "<group>"; };
		8432EEA918355FA500684F7E /* CPMath.m */ = {isa = PBXFileReference; fileEncoding = 4; lastKnownFileType = sourcecode.c.objc; path = CPMath.m; sourceTree = "<group>"; };
		8432EEAA18355FA500684F7E /* CPRocketNode.h */ = {isa = PBXFileReference; fileEncoding = 4; lastKnownFileType = sourcecode.c.h; path = CPRocketNode.h; sourceTree = "<group>"; };
		8432EEAB18355FA500684F7E /* CPRocketNode.m */ = {isa = PBXFileReference; fileEncoding = 4; lastKnownFileType = sourcecode.c.objc; path = CPRocketNode.m; sourceTree = "<group>"; };
		8432EEAC18355FA500684F7E /* CPSimpleSpriteFactory.h */ = {isa = PBXFileReference; fileEncoding = 4; lastKnownFileType = sourcecode.c.h; path = CPSimpleSpriteFactory.h; sourceTree = "<group>"; };
		8432EEAD18355FA500684F7E /* CPSimpleSpriteFactory.m */ = {isa = PBXFileReference; fileEncoding = 4; lastKnownFileType = sourcecode.c.objc; path = CPSimpleSpriteFactory.m; sourceTree = "<group>"; };
		8432EEAE18355FA500684F7E /* CPSmokeEmitterNode.h */ = {isa = PBXFileReference; fileEncoding = 4; lastKnownFileType = sourcecode.c.h; path = CPSmokeEmitterNode.h; sourceTree = "<group>"; };
		8432EEAF18355FA500684F7E /* CPSmokeEmitterNode.m */ = {isa = PBXFileReference; fileEncoding = 4; lastKnownFileType = sourcecode.c.objc; path = CPSmokeEmitterNode.m; sourceTree = "<group>"; };
		8432EEB51835620100684F7E /* YKAirplaneNode.h */ = {isa = PBXFileReference; fileEncoding = 4; lastKnownFileType = sourcecode.c.h; path = YKAirplaneNode.h; sourceTree = "<group>"; };
		8432EEB61835620100684F7E /* YKAirplaneNode.m */ = {isa = PBXFileReference; fileEncoding = 4; lastKnownFileType = sourcecode.c.objc; path = YKAirplaneNode.m; sourceTree = "<group>"; };
		8432EEB91835629200684F7E /* UIImage+YKUtils.h */ = {isa = PBXFileReference; fileEncoding = 4; lastKnownFileType = sourcecode.c.h; path = "UIImage+YKUtils.h"; sourceTree = "<group>"; };
		8432EEBA1835629200684F7E /* UIImage+YKUtils.m */ = {isa = PBXFileReference; fileEncoding = 4; lastKnownFileType = sourcecode.c.objc; path = "UIImage+YKUtils.m"; sourceTree = "<group>"; };
		84E867B118357743008D2B71 /* YKLevelScheduler.h */ = {isa = PBXFileReference; fileEncoding = 4; lastKnownFileType = sourcecode.c.h; path = YKLevelScheduler.h; sourceTree = "<group>"; };
		84E867B218357743008D2B71 /* YKLevelScheduler.m */ = {isa = PBXFileReference; fileEncoding = 4; lastKnownFileType = sourcecode.c.objc; path = YKLevelScheduler.m; sourceTree = "<group>"; };
		84E867B418357793008D2B71 /* YKLevelEvent.h */ = {isa = PBXFileReference; fileEncoding = 4; lastKnownFileType = sourcecode.c.h; path = YKLevelEvent.h; sourceTree = "<group>"; };
		84E867B518357793008D2B71 /* YKLevelEvent.m */ = {isa = PBXFileReference; fileEncoding = 4; lastKnownFileType = sourcecode.c.objc; path = YKLevelEvent.m; sourceTree = "<group>"; };
		84E867B718357F82008D2B71 /* YKEnemyNode.h */ = {isa = PBXFileReference; fileEncoding = 4; lastKnownFileType = sourcecode.c.h; path = YKEnemyNode.h; sourceTree = "<group>"; };
		84E867B818357F82008D2B71 /* YKEnemyNode.m */ = {isa = PBXFileReference; fileEncoding = 4; lastKnownFileType = sourcecode.c.objc; path = YKEnemyNode.m; sourceTree = "<group>"; };
		84E867BA18358727008D2B71 /* YKEnemyAmmo.h */ = {isa = PBXFileReference; fileEncoding = 4; lastKnownFileType = sourcecode.c.h; path = YKEnemyAmmo.h; sourceTree = "<group>"; };
		84E867BB18358727008D2B71 /* YKEnemyAmmo.m */ = {isa = PBXFileReference; fileEncoding = 4; lastKnownFileType = sourcecode.c.objc; path = YKEnemyAmmo.m; sourceTree = "<group>"; };
		84E867BD1835DAD6008D2B71 /* YKEnemyEventFactory.h */ = {isa = PBXFileReference; fileEncoding = 4; lastKnownFileType = sourcecode.c.h; path = YKEnemyEventFactory.h; sourceTree = "<group>"; };
		84E867BE1835DAD6008D2B71 /* YKEnemyEventFactory.m */ = {isa = PBXFileReference; fileEncoding = 4; lastKnownFileType = sourcecode.c.objc; path = YKEnemyEventFactory.m; sourceTree = "<group>"; };
		84E867C01835E58B008D2B71 /* YKBigPlaneNode.h */ = {isa = PBXFileReference; fileEncoding = 4; lastKnownFileType = sourcecode.c.h; path = YKBigPlaneNode.h; sourceTree = "<group>"; };
		84E867C11835E58B008D2B71 /* YKBigPlaneNode.m */ = {isa = PBXFileReference; fileEncoding = 4; lastKnownFileType = sourcecode.c.objc; path = YKBigPlaneNode.m; sourceTree = "<group>"; };
		84E867C31835E874008D2B71 /* bigplane.png */ = {isa = PBXFileReference; lastKnownFileType = image.png; path = bigplane.png; sourceTree = "<group>"; };
		84E867C518360C9F008D2B71 /* YKSubmarineNode.h */ = {isa = PBXFileReference; fileEncoding = 4; lastKnownFileType = sourcecode.c.h; path = YKSubmarineNode.h; sourceTree = "<group>"; };
		84E867C618360C9F008D2B71 /* YKSubmarineNode.m */ = {isa = PBXFileReference; fileEncoding = 4; lastKnownFileType = sourcecode.c.objc; path = YKSubmarineNode.m; sourceTree = "<group>"; };
		84E867C818360E6A008D2B71 /* submarine.png */ = {isa = PBXFileReference; lastKnownFileType = image.png; path = submarine.png; sourceTree = "<group>"; };
		84E867CA1836891E008D2B71 /* YKMissile.h */ = {isa = PBXFileReference; fileEncoding = 4; lastKnownFileType = sourcecode.c.h; path = YKMissile.h; sourceTree = "<group>"; };
		84E867CB1836891E008D2B71 /* YKMissile.m */ = {isa = PBXFileReference; fileEncoding = 4; lastKnownFileType = sourcecode.c.objc; path = YKMissile.m; sourceTree = "<group>"; };
		84E867CE18369496008D2B71 /* kirchoffs_law.wav */ = {isa = PBXFileReference; lastKnownFileType = audio.wav; path = kirchoffs_law.wav; sourceTree = "<group>"; };
		84E867D0183699A4008D2B71 /* GStippyG150.wav */ = {isa = PBXFileReference; lastKnownFileType = audio.wav; path = GStippyG150.wav; sourceTree = "<group>"; };
		84E867D218369C66008D2B71 /* gun.wav */ = {isa = PBXFileReference; lastKnownFileType = audio.wav; path = gun.wav; sourceTree = "<group>"; };
		84E867D418369DDF008D2B71 /* explosion.wav */ = {isa = PBXFileReference; lastKnownFileType = audio.wav; path = explosion.wav; sourceTree = "<group>"; };
		84E867D61836A259008D2B71 /* YKIslandBackgroundLayer.h */ = {isa = PBXFileReference; fileEncoding = 4; lastKnownFileType = sourcecode.c.h; path = YKIslandBackgroundLayer.h; sourceTree = "<group>"; };
		84E867D71836A259008D2B71 /* YKIslandBackgroundLayer.m */ = {isa = PBXFileReference; fileEncoding = 4; lastKnownFileType = sourcecode.c.objc; path = YKIslandBackgroundLayer.m; sourceTree = "<group>"; };
		84E867D91836A4FE008D2B71 /* menu_select_15.wav */ = {isa = PBXFileReference; lastKnownFileType = audio.wav; path = menu_select_15.wav; sourceTree = "<group>"; };
		84E867DB1836AE01008D2B71 /* YKCloudBackgroundLayer.h */ = {isa = PBXFileReference; fileEncoding = 4; lastKnownFileType = sourcecode.c.h; path = YKCloudBackgroundLayer.h; sourceTree = "<group>"; };
		84E867DC1836AE01008D2B71 /* YKCloudBackgroundLayer.m */ = {isa = PBXFileReference; fileEncoding = 4; lastKnownFileType = sourcecode.c.objc; path = YKCloudBackgroundLayer.m; sourceTree = "<group>"; };
/* End PBXFileReference section */

/* Begin PBXFrameworksBuildPhase section */
		8401803B1835537700583789 /* Frameworks */ = {
			isa = PBXFrameworksBuildPhase;
			buildActionMask = 2147483647;
			files = (
				1589BC9A1836C2CE00000128 /* AVFoundation.framework in Frameworks */,
				840180441835537700583789 /* CoreGraphics.framework in Frameworks */,
				840180461835537700583789 /* UIKit.framework in Frameworks */,
				840180421835537700583789 /* Foundation.framework in Frameworks */,
			);
			runOnlyForDeploymentPostprocessing = 0;
		};
		840180561835537700583789 /* Frameworks */ = {
			isa = PBXFrameworksBuildPhase;
			buildActionMask = 2147483647;
			files = (
				8401805B1835537700583789 /* XCTest.framework in Frameworks */,
				8401805D1835537700583789 /* UIKit.framework in Frameworks */,
				8401805C1835537700583789 /* Foundation.framework in Frameworks */,
			);
			runOnlyForDeploymentPostprocessing = 0;
		};
/* End PBXFrameworksBuildPhase section */

/* Begin PBXGroup section */
		1553D4BE18355919005AD9EF /* Images */ = {
			isa = PBXGroup;
			children = (
				1589BC9E1836D5E600000128 /* oceantile.png */,
				1514705D1836B38D008AE3F0 /* icon@2x.png */,
				151470591836AE0F008AE3F0 /* cloud_front.png */,
				1514705A1836AE0F008AE3F0 /* cloud_front@2x.png */,
				151ED135183698A700AC3314 /* bookmark_badge.png */,
				151ED136183698A700AC3314 /* bookmark_badge@2x.png */,
				1553D4F818359480005AD9EF /* check_burst.png */,
				1553D4F918359480005AD9EF /* check_burst@2x.png */,
				8432EE3218355D4F00684F7E /* spritelib_gpl */,
				1553D4BF18355919005AD9EF /* contribute_review_1star.png */,
				1553D4F418359066005AD9EF /* flame.png */,
				1553D4F518359066005AD9EF /* flame@2x.png */,
				1553D4C018355919005AD9EF /* contribute_review_1star@2x.png */,
				1553D4C118355919005AD9EF /* contribute_review_2star.png */,
				1553D4C218355919005AD9EF /* contribute_review_2star@2x.png */,
				1553D4C318355919005AD9EF /* contribute_review_3star.png */,
				1553D4C418355919005AD9EF /* contribute_review_3star@2x.png */,
				1553D4C518355919005AD9EF /* contribute_review_4star.png */,
				1553D4C618355919005AD9EF /* contribute_review_4star@2x.png */,
				1553D4C718355919005AD9EF /* contribute_review_5star.png */,
				1553D4C818355919005AD9EF /* contribute_review_5star@2x.png */,
				1553D4C918355919005AD9EF /* hammy.png */,
				1553D4CA18355919005AD9EF /* hammy@2x.png */,
				1553D4CB18355919005AD9EF /* rocket.png */,
				1553D4CC18355919005AD9EF /* rocket@2x.png */,
				1553D4CD18355919005AD9EF /* rocket_interior.png */,
				1553D4CE18355919005AD9EF /* rocket_interior@2x.png */,
				1553D4CF18355919005AD9EF /* yelp_logo.png */,
				1553D4D018355919005AD9EF /* yelp_logo@2x.png */,
				1553D4D118355919005AD9EF /* yelp_small_logo.png */,
				1553D4D218355919005AD9EF /* yelp_small_logo@2x.png */,
			);
			path = Images;
			sourceTree = "<group>";
		};
		1553D4E718356093005AD9EF /* Nodes */ = {
			isa = PBXGroup;
			children = (
				1553D4E81835610B005AD9EF /* YKHammyRocket.h */,
				1553D4E91835610B005AD9EF /* YKHammyRocket.m */,
				84E867B718357F82008D2B71 /* YKEnemyNode.h */,
				84E867B818357F82008D2B71 /* YKEnemyNode.m */,
				8432EEB51835620100684F7E /* YKAirplaneNode.h */,
				8432EEB61835620100684F7E /* YKAirplaneNode.m */,
				1553D4EB18357571005AD9EF /* YKRocketAmmo.h */,
				1553D4EC18357571005AD9EF /* YKRocketAmmo.m */,
				84E867BA18358727008D2B71 /* YKEnemyAmmo.h */,
				84E867BB18358727008D2B71 /* YKEnemyAmmo.m */,
				1553D4FC18359BFF005AD9EF /* YKPowerUp.h */,
				1553D4FD18359BFF005AD9EF /* YKPowerUp.m */,
				1553D4FF1835C6EF005AD9EF /* YKLivesNodes.h */,
				1553D5001835C6EF005AD9EF /* YKLivesNodes.m */,
				84E867C01835E58B008D2B71 /* YKBigPlaneNode.h */,
				84E867C11835E58B008D2B71 /* YKBigPlaneNode.m */,
				84E867C518360C9F008D2B71 /* YKSubmarineNode.h */,
				84E867C618360C9F008D2B71 /* YKSubmarineNode.m */,
				84E867CA1836891E008D2B71 /* YKMissile.h */,
				84E867CB1836891E008D2B71 /* YKMissile.m */,
				84E867D61836A259008D2B71 /* YKIslandBackgroundLayer.h */,
				84E867D71836A259008D2B71 /* YKIslandBackgroundLayer.m */,
				84E867DB1836AE01008D2B71 /* YKCloudBackgroundLayer.h */,
				84E867DC1836AE01008D2B71 /* YKCloudBackgroundLayer.m */,
				1589BC9B1836D48500000128 /* YKWaterBackgroundLayer.h */,
				1589BC9C1836D48500000128 /* YKWaterBackgroundLayer.m */,
			);
			name = Nodes;
			sourceTree = "<group>";
		};
		840180351835537700583789 = {
			isa = PBXGroup;
			children = (
				840180471835537700583789 /* HammyRocket */,
				840180601835537700583789 /* HammyRocketTests */,
				8432EEA418355EC900684F7E /* Libraries */,
				84E867CD18369496008D2B71 /* Sounds */,
				840180401835537700583789 /* Frameworks */,
				8401803F1835537700583789 /* Products */,
			);
			sourceTree = "<group>";
		};
		8401803F1835537700583789 /* Products */ = {
			isa = PBXGroup;
			children = (
				8401803E1835537700583789 /* HammyRocket.app */,
				840180591835537700583789 /* HammyRocketTests.xctest */,
			);
			name = Products;
			sourceTree = "<group>";
		};
		840180401835537700583789 /* Frameworks */ = {
			isa = PBXGroup;
			children = (
				1589BC991836C2CE00000128 /* AVFoundation.framework */,
				840180411835537700583789 /* Foundation.framework */,
				840180431835537700583789 /* CoreGraphics.framework */,
				840180451835537700583789 /* UIKit.framework */,
				8401805A1835537700583789 /* XCTest.framework */,
			);
			name = Frameworks;
			sourceTree = "<group>";
		};
		840180471835537700583789 /* HammyRocket */ = {
			isa = PBXGroup;
			children = (
				8432EEB81835626D00684F7E /* Utils */,
				1553D4E718356093005AD9EF /* Nodes */,
				840180501835537700583789 /* YKAppDelegate.h */,
				840180511835537700583789 /* YKAppDelegate.m */,
				84018070183553BB00583789 /* YKSpriteViewController.h */,
				84018071183553BB00583789 /* YKSpriteViewController.m */,
				8432EEA218355EA300684F7E /* Level */,
				8432EEA118355E4500684F7E /* Factories */,
				84018073183555FE00583789 /* Scenes */,
				840180531835537700583789 /* Images.xcassets */,
				1553D4BE18355919005AD9EF /* Images */,
				840180481835537700583789 /* Supporting Files */,
			);
			path = HammyRocket;
			sourceTree = "<group>";
		};
		840180481835537700583789 /* Supporting Files */ = {
			isa = PBXGroup;
			children = (
				840180491835537700583789 /* HammyRocket-Info.plist */,
				8401804A1835537700583789 /* InfoPlist.strings */,
				8401804D1835537700583789 /* main.m */,
				8401804F1835537700583789 /* HammyRocket-Prefix.pch */,
			);
			name = "Supporting Files";
			sourceTree = "<group>";
		};
		840180601835537700583789 /* HammyRocketTests */ = {
			isa = PBXGroup;
			children = (
				840180661835537700583789 /* HammyRocketTests.m */,
				840180611835537700583789 /* Supporting Files */,
			);
			path = HammyRocketTests;
			sourceTree = "<group>";
		};
		840180611835537700583789 /* Supporting Files */ = {
			isa = PBXGroup;
			children = (
				840180621835537700583789 /* HammyRocketTests-Info.plist */,
				840180631835537700583789 /* InfoPlist.strings */,
			);
			name = "Supporting Files";
			sourceTree = "<group>";
		};
		84018073183555FE00583789 /* Scenes */ = {
			isa = PBXGroup;
			children = (
				840180741835561B00583789 /* YKTitleScene.h */,
				840180751835561B00583789 /* YKTitleScene.m */,
				8432EE2F18355C8A00684F7E /* YKGameScene.h */,
				8432EE3018355C8A00684F7E /* YKGameScene.m */,
				1553D4EE18358831005AD9EF /* YKInstructionsScene.h */,
				1553D4EF18358831005AD9EF /* YKInstructionsScene.m */,
				1553D4F118358B88005AD9EF /* YKHighScoresScene.h */,
				1553D4F218358B88005AD9EF /* YKHighScoresScene.m */,
				1553D5021835D64E005AD9EF /* YKGameOverScene.h */,
				1553D5031835D64E005AD9EF /* YKGameOverScene.m */,
			);
			name = Scenes;
			sourceTree = "<group>";
		};
		8432EE3218355D4F00684F7E /* spritelib_gpl */ = {
			isa = PBXGroup;
			children = (
				8432EE3318355D4F00684F7E /* fishdish */,
				8432EE3A18355D4F00684F7E /* grids */,
				8432EE4618355D4F00684F7E /* license.txt */,
				8432EE4718355D4F00684F7E /* maze */,
				8432EE4A18355D4F00684F7E /* paddle */,
				8432EE4C18355D4F00684F7E /* platform */,
				8432EE6218355D4F00684F7E /* shooter */,
			);
			path = spritelib_gpl;
			sourceTree = "<group>";
		};
		8432EE3318355D4F00684F7E /* fishdish */ = {
			isa = PBXGroup;
			children = (
				8432EE3418355D4F00684F7E /* fishbackground_parts.png */,
				8432EE3518355D4F00684F7E /* fishbaddie_parts.png */,
				8432EE3618355D4F00684F7E /* fishdish_mockup.png */,
				8432EE3718355D4F00684F7E /* fishsalmon_parts.png */,
				8432EE3818355D4F00684F7E /* fishtitle.png */,
				8432EE3918355D4F00684F7E /* fishtitle_parts.png */,
			);
			path = fishdish;
			sourceTree = "<group>";
		};
		8432EE3A18355D4F00684F7E /* grids */ = {
			isa = PBXGroup;
			children = (
				8432EE3B18355D4F00684F7E /* 128x128.png */,
				8432EE3C18355D4F00684F7E /* 16x16.png */,
				8432EE3D18355D4F00684F7E /* 24x24.png */,
				8432EE3E18355D4F00684F7E /* 32x32.png */,
				8432EE3F18355D4F00684F7E /* 36x36.png */,
				8432EE4018355D4F00684F7E /* 40x40.png */,
				8432EE4118355D4F00684F7E /* 48x48.png */,
				8432EE4218355D4F00684F7E /* 64x128.png */,
				8432EE4318355D4F00684F7E /* 64x64.png */,
				8432EE4418355D4F00684F7E /* 64x96.png */,
				8432EE4518355D4F00684F7E /* 96x96.png */,
			);
			path = grids;
			sourceTree = "<group>";
		};
		8432EE4718355D4F00684F7E /* maze */ = {
			isa = PBXGroup;
			children = (
				8432EE4818355D4F00684F7E /* tankbrigade.png */,
				8432EE4918355D4F00684F7E /* vehicles.png */,
			);
			path = maze;
			sourceTree = "<group>";
		};
		8432EE4A18355D4F00684F7E /* paddle */ = {
			isa = PBXGroup;
			children = (
				8432EE4B18355D4F00684F7E /* arinoid_master.png */,
			);
			path = paddle;
			sourceTree = "<group>";
		};
		8432EE4C18355D4F00684F7E /* platform */ = {
			isa = PBXGroup;
			children = (
				8432EE4D18355D4F00684F7E /* arc1.png */,
				8432EE4E18355D4F00684F7E /* arc2.png */,
				8432EE4F18355D4F00684F7E /* assort.png */,
				8432EE5018355D4F00684F7E /* assort2.png */,
				8432EE5118355D4F00684F7E /* bat.png */,
				8432EE5218355D4F00684F7E /* blocks1.png */,
				8432EE5318355D4F00684F7E /* blocks2.png */,
				8432EE5418355D4F00684F7E /* char1.png */,
				8432EE5518355D4F00684F7E /* char10.png */,
				8432EE5618355D4F00684F7E /* char11.png */,
				8432EE5718355D4F00684F7E /* char2.png */,
				8432EE5818355D4F00684F7E /* char3.png */,
				8432EE5918355D4F00684F7E /* char4.png */,
				8432EE5A18355D4F00684F7E /* char5.png */,
				8432EE5B18355D4F00684F7E /* char6.png */,
				8432EE5C18355D4F00684F7E /* char7.png */,
				8432EE5D18355D4F00684F7E /* char8.png */,
				8432EE5E18355D4F00684F7E /* char9.png */,
				8432EE5F18355D4F00684F7E /* dino.png */,
				8432EE6018355D4F00684F7E /* pickups.png */,
				8432EE6118355D4F00684F7E /* SPY.png */,
			);
			path = platform;
			sourceTree = "<group>";
		};
		8432EE6218355D4F00684F7E /* shooter */ = {
			isa = PBXGroup;
			children = (
				84E867C818360E6A008D2B71 /* submarine.png */,
				84E867C31835E874008D2B71 /* bigplane.png */,
				8432EE6318355D4F00684F7E /* 1945.png */,
				8432EE6418355D4F00684F7E /* action1.png */,
				8432EE6518355D4F00684F7E /* bugz.png */,
				8432EE6618355D4F00684F7E /* disasteroids2_boss.png */,
				8432EE6718355D4F00684F7E /* disasteroids2_master.png */,
				8432EE6818355D4F00684F7E /* disasteroids2_rocks.png */,
				8432EE6918355D4F00684F7E /* heli.png */,
				8432EE6A18355D4F00684F7E /* invader.png */,
				8432EE6B18355D4F00684F7E /* invader2.png */,
			);
			path = shooter;
			sourceTree = "<group>";
		};
		8432EEA118355E4500684F7E /* Factories */ = {
			isa = PBXGroup;
			children = (
			);
			name = Factories;
			sourceTree = "<group>";
		};
		8432EEA218355EA300684F7E /* Level */ = {
			isa = PBXGroup;
			children = (
				84E867B118357743008D2B71 /* YKLevelScheduler.h */,
				84E867B218357743008D2B71 /* YKLevelScheduler.m */,
				84E867B418357793008D2B71 /* YKLevelEvent.h */,
				84E867B518357793008D2B71 /* YKLevelEvent.m */,
				84E867BD1835DAD6008D2B71 /* YKEnemyEventFactory.h */,
				84E867BE1835DAD6008D2B71 /* YKEnemyEventFactory.m */,
			);
			name = Level;
			sourceTree = "<group>";
		};
		8432EEA418355EC900684F7E /* Libraries */ = {
			isa = PBXGroup;
			children = (
				8432EEA518355FA500684F7E /* SpriteKitEffects */,
			);
			path = Libraries;
			sourceTree = "<group>";
		};
		8432EEA518355FA500684F7E /* SpriteKitEffects */ = {
			isa = PBXGroup;
			children = (
				8432EEA618355FA500684F7E /* CPExplosionEmitterNode.h */,
				8432EEA718355FA500684F7E /* CPExplosionEmitterNode.m */,
				8432EEA818355FA500684F7E /* CPMath.h */,
				8432EEA918355FA500684F7E /* CPMath.m */,
				8432EEAA18355FA500684F7E /* CPRocketNode.h */,
				8432EEAB18355FA500684F7E /* CPRocketNode.m */,
				8432EEAC18355FA500684F7E /* CPSimpleSpriteFactory.h */,
				8432EEAD18355FA500684F7E /* CPSimpleSpriteFactory.m */,
				8432EEAE18355FA500684F7E /* CPSmokeEmitterNode.h */,
				8432EEAF18355FA500684F7E /* CPSmokeEmitterNode.m */,
			);
			path = SpriteKitEffects;
			sourceTree = "<group>";
		};
		8432EEB81835626D00684F7E /* Utils */ = {
			isa = PBXGroup;
			children = (
				8432EEB91835629200684F7E /* UIImage+YKUtils.h */,
				8432EEBA1835629200684F7E /* UIImage+YKUtils.m */,
			);
			name = Utils;
			sourceTree = "<group>";
		};
		84E867CD18369496008D2B71 /* Sounds */ = {
			isa = PBXGroup;
			children = (
				84E867D91836A4FE008D2B71 /* menu_select_15.wav */,
				84E867D218369C66008D2B71 /* gun.wav */,
				84E867CE18369496008D2B71 /* kirchoffs_law.wav */,
				84E867D0183699A4008D2B71 /* GStippyG150.wav */,
				84E867D418369DDF008D2B71 /* explosion.wav */,
			);
			path = Sounds;
			sourceTree = "<group>";
		};
/* End PBXGroup section */

/* Begin PBXNativeTarget section */
		8401803D1835537700583789 /* HammyRocket */ = {
			isa = PBXNativeTarget;
			buildConfigurationList = 8401806A1835537700583789 /* Build configuration list for PBXNativeTarget "HammyRocket" */;
			buildPhases = (
				8401803A1835537700583789 /* Sources */,
				8401803B1835537700583789 /* Frameworks */,
				8401803C1835537700583789 /* Resources */,
			);
			buildRules = (
			);
			dependencies = (
			);
			name = HammyRocket;
			productName = HammyRocket;
			productReference = 8401803E1835537700583789 /* HammyRocket.app */;
			productType = "com.apple.product-type.application";
		};
		840180581835537700583789 /* HammyRocketTests */ = {
			isa = PBXNativeTarget;
			buildConfigurationList = 8401806D1835537700583789 /* Build configuration list for PBXNativeTarget "HammyRocketTests" */;
			buildPhases = (
				840180551835537700583789 /* Sources */,
				840180561835537700583789 /* Frameworks */,
				840180571835537700583789 /* Resources */,
			);
			buildRules = (
			);
			dependencies = (
				8401805F1835537700583789 /* PBXTargetDependency */,
			);
			name = HammyRocketTests;
			productName = HammyRocketTests;
			productReference = 840180591835537700583789 /* HammyRocketTests.xctest */;
			productType = "com.apple.product-type.bundle.unit-test";
		};
/* End PBXNativeTarget section */

/* Begin PBXProject section */
		840180361835537700583789 /* Project object */ = {
			isa = PBXProject;
			attributes = {
				CLASSPREFIX = YK;
				LastUpgradeCheck = 0500;
				ORGANIZATIONNAME = HammyRocket;
				TargetAttributes = {
					840180581835537700583789 = {
						TestTargetID = 8401803D1835537700583789;
					};
				};
			};
			buildConfigurationList = 840180391835537700583789 /* Build configuration list for PBXProject "HammyRocket" */;
			compatibilityVersion = "Xcode 3.2";
			developmentRegion = English;
			hasScannedForEncodings = 0;
			knownRegions = (
				en,
			);
			mainGroup = 840180351835537700583789;
			productRefGroup = 8401803F1835537700583789 /* Products */;
			projectDirPath = "";
			projectRoot = "";
			targets = (
				8401803D1835537700583789 /* HammyRocket */,
				840180581835537700583789 /* HammyRocketTests */,
			);
		};
/* End PBXProject section */

/* Begin PBXResourcesBuildPhase section */
		8401803C1835537700583789 /* Resources */ = {
			isa = PBXResourcesBuildPhase;
			buildActionMask = 2147483647;
			files = (
				8432EE8B18355D4F00684F7E /* char2.png in Resources */,
				84E867C41835E874008D2B71 /* bigplane.png in Resources */,
				1553D4F618359066005AD9EF /* flame.png in Resources */,
				8432EE9318355D4F00684F7E /* dino.png in Resources */,
				1553D4DD18355919005AD9EF /* hammy.png in Resources */,
				1553D4D318355919005AD9EF /* contribute_review_1star.png in Resources */,
				1553D4E018355919005AD9EF /* rocket@2x.png in Resources */,
				8432EE7118355D4F00684F7E /* fishtitle_parts.png in Resources */,
				8432EE6D18355D4F00684F7E /* fishbaddie_parts.png in Resources */,
				8432EE9618355D4F00684F7E /* 1945.png in Resources */,
				8432EE7618355D4F00684F7E /* 36x36.png in Resources */,
				151ED137183698A700AC3314 /* bookmark_badge.png in Resources */,
				8432EE8A18355D4F00684F7E /* char11.png in Resources */,
				8432EE7418355D4F00684F7E /* 24x24.png in Resources */,
				8432EE7C18355D4F00684F7E /* 96x96.png in Resources */,
				8432EE8418355D4F00684F7E /* assort2.png in Resources */,
				84E867D318369C66008D2B71 /* gun.wav in Resources */,
				1553D4DC18355919005AD9EF /* contribute_review_5star@2x.png in Resources */,
				1553D4D718355919005AD9EF /* contribute_review_3star.png in Resources */,
				84E867DA1836A4FE008D2B71 /* menu_select_15.wav in Resources */,
				8432EE7F18355D4F00684F7E /* vehicles.png in Resources */,
				8432EE8218355D4F00684F7E /* arc2.png in Resources */,
				84E867C918360E6A008D2B71 /* submarine.png in Resources */,
				8432EE7218355D4F00684F7E /* 128x128.png in Resources */,
				8432EE9C18355D4F00684F7E /* heli.png in Resources */,
				8432EE7A18355D4F00684F7E /* 64x64.png in Resources */,
				8432EE7E18355D4F00684F7E /* tankbrigade.png in Resources */,
				8432EE9118355D4F00684F7E /* char8.png in Resources */,
				8432EE8918355D4F00684F7E /* char10.png in Resources */,
				151ED138183698A700AC3314 /* bookmark_badge@2x.png in Resources */,
				8432EE8718355D4F00684F7E /* blocks2.png in Resources */,
				8432EE7B18355D4F00684F7E /* 64x96.png in Resources */,
				1514705E1836B38D008AE3F0 /* icon@2x.png in Resources */,
				8432EE7718355D4F00684F7E /* 40x40.png in Resources */,
				1553D4FA18359480005AD9EF /* check_burst.png in Resources */,
				8432EE9718355D4F00684F7E /* action1.png in Resources */,
				8432EE9018355D4F00684F7E /* char7.png in Resources */,
				8432EE8D18355D4F00684F7E /* char4.png in Resources */,
				8432EE6E18355D4F00684F7E /* fishdish_mockup.png in Resources */,
				1553D4E318355919005AD9EF /* yelp_logo.png in Resources */,
				1514705B1836AE0F008AE3F0 /* cloud_front.png in Resources */,
				1553D4D518355919005AD9EF /* contribute_review_2star.png in Resources */,
				8432EE8F18355D4F00684F7E /* char6.png in Resources */,
				8432EE8018355D4F00684F7E /* arinoid_master.png in Resources */,
				1553D4D618355919005AD9EF /* contribute_review_2star@2x.png in Resources */,
				1553D4E518355919005AD9EF /* yelp_small_logo.png in Resources */,
				1553D4E118355919005AD9EF /* rocket_interior.png in Resources */,
				8432EE8618355D4F00684F7E /* blocks1.png in Resources */,
				1553D4DF18355919005AD9EF /* rocket.png in Resources */,
				1553D4E618355919005AD9EF /* yelp_small_logo@2x.png in Resources */,
				8432EE6F18355D4F00684F7E /* fishsalmon_parts.png in Resources */,
				8432EE8C18355D4F00684F7E /* char3.png in Resources */,
				8432EE7818355D4F00684F7E /* 48x48.png in Resources */,
				84E867CF18369496008D2B71 /* kirchoffs_law.wav in Resources */,
				1553D4DB18355919005AD9EF /* contribute_review_5star.png in Resources */,
				8432EE7318355D4F00684F7E /* 16x16.png in Resources */,
				84E867D1183699A4008D2B71 /* GStippyG150.wav in Resources */,
				8432EE9A18355D4F00684F7E /* disasteroids2_master.png in Resources */,
				1589BC9F1836D5E600000128 /* oceantile.png in Resources */,
				1553D4E418355919005AD9EF /* yelp_logo@2x.png in Resources */,
				1553D4DE18355919005AD9EF /* hammy@2x.png in Resources */,
				8432EE9E18355D4F00684F7E /* invader2.png in Resources */,
				8432EE8518355D4F00684F7E /* bat.png in Resources */,
				1553D4D418355919005AD9EF /* contribute_review_1star@2x.png in Resources */,
				1514705C1836AE0F008AE3F0 /* cloud_front@2x.png in Resources */,
				8432EE9418355D4F00684F7E /* pickups.png in Resources */,
				8432EE8318355D4F00684F7E /* assort.png in Resources */,
				8432EE7918355D4F00684F7E /* 64x128.png in Resources */,
				84E867D518369DDF008D2B71 /* explosion.wav in Resources */,
				8401804C1835537700583789 /* InfoPlist.strings in Resources */,
				8432EE9B18355D4F00684F7E /* disasteroids2_rocks.png in Resources */,
				8432EE8118355D4F00684F7E /* arc1.png in Resources */,
				1553D4DA18355919005AD9EF /* contribute_review_4star@2x.png in Resources */,
				1553D4E218355919005AD9EF /* rocket_interior@2x.png in Resources */,
				8432EE9918355D4F00684F7E /* disasteroids2_boss.png in Resources */,
				8432EE8E18355D4F00684F7E /* char5.png in Resources */,
				8432EE9518355D4F00684F7E /* SPY.png in Resources */,
				8432EE9818355D4F00684F7E /* bugz.png in Resources */,
				840180541835537700583789 /* Images.xcassets in Resources */,
				8432EE7018355D4F00684F7E /* fishtitle.png in Resources */,
				1553D4D818355919005AD9EF /* contribute_review_3star@2x.png in Resources */,
				8432EE7D18355D4F00684F7E /* license.txt in Resources */,
				8432EE6C18355D4F00684F7E /* fishbackground_parts.png in Resources */,
				1553D4FB18359480005AD9EF /* check_burst@2x.png in Resources */,
				8432EE8818355D4F00684F7E /* char1.png in Resources */,
				8432EE9218355D4F00684F7E /* char9.png in Resources */,
				8432EE7518355D4F00684F7E /* 32x32.png in Resources */,
				1553D4D918355919005AD9EF /* contribute_review_4star.png in Resources */,
				8432EE9D18355D4F00684F7E /* invader.png in Resources */,
				1553D4F718359066005AD9EF /* flame@2x.png in Resources */,
			);
			runOnlyForDeploymentPostprocessing = 0;
		};
		840180571835537700583789 /* Resources */ = {
			isa = PBXResourcesBuildPhase;
			buildActionMask = 2147483647;
			files = (
				840180651835537700583789 /* InfoPlist.strings in Resources */,
			);
			runOnlyForDeploymentPostprocessing = 0;
		};
/* End PBXResourcesBuildPhase section */

/* Begin PBXSourcesBuildPhase section */
		8401803A1835537700583789 /* Sources */ = {
			isa = PBXSourcesBuildPhase;
			buildActionMask = 2147483647;
			files = (
				84E867C718360C9F008D2B71 /* YKSubmarineNode.m in Sources */,
				84E867DD1836AE01008D2B71 /* YKCloudBackgroundLayer.m in Sources */,
				84E867BF1835DAD6008D2B71 /* YKEnemyEventFactory.m in Sources */,
				1589BC9D1836D48500000128 /* YKWaterBackgroundLayer.m in Sources */,
				8432EEB118355FA500684F7E /* CPMath.m in Sources */,
				8432EE3118355C8A00684F7E /* YKGameScene.m in Sources */,
				84E867BC18358727008D2B71 /* YKEnemyAmmo.m in Sources */,
				8432EEB218355FA500684F7E /* CPRocketNode.m in Sources */,
				1553D4ED18357571005AD9EF /* YKRocketAmmo.m in Sources */,
				8432EEB318355FA500684F7E /* CPSimpleSpriteFactory.m in Sources */,
				84E867D81836A259008D2B71 /* YKIslandBackgroundLayer.m in Sources */,
				84018072183553BB00583789 /* YKSpriteViewController.m in Sources */,
				1553D5011835C6EF005AD9EF /* YKLivesNodes.m in Sources */,
				84E867C21835E58B008D2B71 /* YKBigPlaneNode.m in Sources */,
				840180761835561B00583789 /* YKTitleScene.m in Sources */,
				1553D4F018358831005AD9EF /* YKInstructionsScene.m in Sources */,
				84E867B618357793008D2B71 /* YKLevelEvent.m in Sources */,
				84E867CC1836891E008D2B71 /* YKMissile.m in Sources */,
				1553D4EA1835610B005AD9EF /* YKHammyRocket.m in Sources */,
				1553D4F318358B88005AD9EF /* YKHighScoresScene.m in Sources */,
				840180521835537700583789 /* YKAppDelegate.m in Sources */,
				8432EEB418355FA500684F7E /* CPSmokeEmitterNode.m in Sources */,
				1553D4FE18359BFF005AD9EF /* YKPowerUp.m in Sources */,
				8401804E1835537700583789 /* main.m in Sources */,
				84E867B918357F82008D2B71 /* YKEnemyNode.m in Sources */,
				1553D5041835D64E005AD9EF /* YKGameOverScene.m in Sources */,
				8432EEBB1835629200684F7E /* UIImage+YKUtils.m in Sources */,
				84E867B318357743008D2B71 /* YKLevelScheduler.m in Sources */,
				8432EEB018355FA500684F7E /* CPExplosionEmitterNode.m in Sources */,
				8432EEB71835620100684F7E /* YKAirplaneNode.m in Sources */,
			);
			runOnlyForDeploymentPostprocessing = 0;
		};
		840180551835537700583789 /* Sources */ = {
			isa = PBXSourcesBuildPhase;
			buildActionMask = 2147483647;
			files = (
				840180671835537700583789 /* HammyRocketTests.m in Sources */,
			);
			runOnlyForDeploymentPostprocessing = 0;
		};
/* End PBXSourcesBuildPhase section */

/* Begin PBXTargetDependency section */
		8401805F1835537700583789 /* PBXTargetDependency */ = {
			isa = PBXTargetDependency;
			target = 8401803D1835537700583789 /* HammyRocket */;
			targetProxy = 8401805E1835537700583789 /* PBXContainerItemProxy */;
		};
/* End PBXTargetDependency section */

/* Begin PBXVariantGroup section */
		8401804A1835537700583789 /* InfoPlist.strings */ = {
			isa = PBXVariantGroup;
			children = (
				8401804B1835537700583789 /* en */,
			);
			name = InfoPlist.strings;
			sourceTree = "<group>";
		};
		840180631835537700583789 /* InfoPlist.strings */ = {
			isa = PBXVariantGroup;
			children = (
				840180641835537700583789 /* en */,
			);
			name = InfoPlist.strings;
			sourceTree = "<group>";
		};
/* End PBXVariantGroup section */

/* Begin XCBuildConfiguration section */
		840180681835537700583789 /* Debug */ = {
			isa = XCBuildConfiguration;
			buildSettings = {
				ALWAYS_SEARCH_USER_PATHS = NO;
				ARCHS = "$(ARCHS_STANDARD_INCLUDING_64_BIT)";
				CLANG_CXX_LANGUAGE_STANDARD = "gnu++0x";
				CLANG_CXX_LIBRARY = "libc++";
				CLANG_ENABLE_MODULES = YES;
				CLANG_ENABLE_OBJC_ARC = YES;
				CLANG_WARN_BOOL_CONVERSION = YES;
				CLANG_WARN_CONSTANT_CONVERSION = YES;
				CLANG_WARN_DIRECT_OBJC_ISA_USAGE = YES_ERROR;
				CLANG_WARN_EMPTY_BODY = YES;
				CLANG_WARN_ENUM_CONVERSION = YES;
				CLANG_WARN_INT_CONVERSION = YES;
				CLANG_WARN_OBJC_ROOT_CLASS = YES_ERROR;
				CLANG_WARN__DUPLICATE_METHOD_MATCH = YES;
				"CODE_SIGN_IDENTITY[sdk=iphoneos*]" = "iPhone Developer";
				COPY_PHASE_STRIP = NO;
				GCC_C_LANGUAGE_STANDARD = gnu99;
				GCC_DYNAMIC_NO_PIC = NO;
				GCC_OPTIMIZATION_LEVEL = 0;
				GCC_PREPROCESSOR_DEFINITIONS = (
					"DEBUG=1",
					"$(inherited)",
				);
				GCC_SYMBOLS_PRIVATE_EXTERN = NO;
				GCC_WARN_64_TO_32_BIT_CONVERSION = YES;
				GCC_WARN_ABOUT_RETURN_TYPE = YES_ERROR;
				GCC_WARN_UNDECLARED_SELECTOR = YES;
				GCC_WARN_UNINITIALIZED_AUTOS = YES;
				GCC_WARN_UNUSED_FUNCTION = YES;
				GCC_WARN_UNUSED_VARIABLE = YES;
				IPHONEOS_DEPLOYMENT_TARGET = 7.0;
				ONLY_ACTIVE_ARCH = YES;
				SDKROOT = iphoneos;
				TARGETED_DEVICE_FAMILY = 2;
			};
			name = Debug;
		};
		840180691835537700583789 /* Release */ = {
			isa = XCBuildConfiguration;
			buildSettings = {
				ALWAYS_SEARCH_USER_PATHS = NO;
				ARCHS = "$(ARCHS_STANDARD_INCLUDING_64_BIT)";
				CLANG_CXX_LANGUAGE_STANDARD = "gnu++0x";
				CLANG_CXX_LIBRARY = "libc++";
				CLANG_ENABLE_MODULES = YES;
				CLANG_ENABLE_OBJC_ARC = YES;
				CLANG_WARN_BOOL_CONVERSION = YES;
				CLANG_WARN_CONSTANT_CONVERSION = YES;
				CLANG_WARN_DIRECT_OBJC_ISA_USAGE = YES_ERROR;
				CLANG_WARN_EMPTY_BODY = YES;
				CLANG_WARN_ENUM_CONVERSION = YES;
				CLANG_WARN_INT_CONVERSION = YES;
				CLANG_WARN_OBJC_ROOT_CLASS = YES_ERROR;
				CLANG_WARN__DUPLICATE_METHOD_MATCH = YES;
				"CODE_SIGN_IDENTITY[sdk=iphoneos*]" = "iPhone Developer";
				COPY_PHASE_STRIP = YES;
				ENABLE_NS_ASSERTIONS = NO;
				GCC_C_LANGUAGE_STANDARD = gnu99;
				GCC_WARN_64_TO_32_BIT_CONVERSION = YES;
				GCC_WARN_ABOUT_RETURN_TYPE = YES_ERROR;
				GCC_WARN_UNDECLARED_SELECTOR = YES;
				GCC_WARN_UNINITIALIZED_AUTOS = YES;
				GCC_WARN_UNUSED_FUNCTION = YES;
				GCC_WARN_UNUSED_VARIABLE = YES;
				IPHONEOS_DEPLOYMENT_TARGET = 7.0;
				SDKROOT = iphoneos;
				TARGETED_DEVICE_FAMILY = 2;
				VALIDATE_PRODUCT = YES;
			};
			name = Release;
		};
		8401806B1835537700583789 /* Debug */ = {
			isa = XCBuildConfiguration;
			buildSettings = {
				ASSETCATALOG_COMPILER_LAUNCHIMAGE_NAME = LaunchImage;
				GCC_PRECOMPILE_PREFIX_HEADER = YES;
				GCC_PREFIX_HEADER = "HammyRocket/HammyRocket-Prefix.pch";
				INFOPLIST_FILE = "HammyRocket/HammyRocket-Info.plist";
				PRODUCT_NAME = "$(TARGET_NAME)";
				WRAPPER_EXTENSION = app;
			};
			name = Debug;
		};
		8401806C1835537700583789 /* Release */ = {
			isa = XCBuildConfiguration;
			buildSettings = {
				ASSETCATALOG_COMPILER_LAUNCHIMAGE_NAME = LaunchImage;
				GCC_PRECOMPILE_PREFIX_HEADER = YES;
				GCC_PREFIX_HEADER = "HammyRocket/HammyRocket-Prefix.pch";
				INFOPLIST_FILE = "HammyRocket/HammyRocket-Info.plist";
				PRODUCT_NAME = "$(TARGET_NAME)";
				WRAPPER_EXTENSION = app;
			};
			name = Release;
		};
		8401806E1835537700583789 /* Debug */ = {
			isa = XCBuildConfiguration;
			buildSettings = {
				ARCHS = "$(ARCHS_STANDARD_INCLUDING_64_BIT)";
				BUNDLE_LOADER = "$(BUILT_PRODUCTS_DIR)/HammyRocket.app/HammyRocket";
				FRAMEWORK_SEARCH_PATHS = (
					"$(SDKROOT)/Developer/Library/Frameworks",
					"$(inherited)",
					"$(DEVELOPER_FRAMEWORKS_DIR)",
				);
				GCC_PRECOMPILE_PREFIX_HEADER = YES;
				GCC_PREFIX_HEADER = "HammyRocket/HammyRocket-Prefix.pch";
				GCC_PREPROCESSOR_DEFINITIONS = (
					"DEBUG=1",
					"$(inherited)",
				);
				INFOPLIST_FILE = "HammyRocketTests/HammyRocketTests-Info.plist";
				PRODUCT_NAME = "$(TARGET_NAME)";
				TEST_HOST = "$(BUNDLE_LOADER)";
				WRAPPER_EXTENSION = xctest;
			};
			name = Debug;
		};
		8401806F1835537700583789 /* Release */ = {
			isa = XCBuildConfiguration;
			buildSettings = {
				ARCHS = "$(ARCHS_STANDARD_INCLUDING_64_BIT)";
				BUNDLE_LOADER = "$(BUILT_PRODUCTS_DIR)/HammyRocket.app/HammyRocket";
				FRAMEWORK_SEARCH_PATHS = (
					"$(SDKROOT)/Developer/Library/Frameworks",
					"$(inherited)",
					"$(DEVELOPER_FRAMEWORKS_DIR)",
				);
				GCC_PRECOMPILE_PREFIX_HEADER = YES;
				GCC_PREFIX_HEADER = "HammyRocket/HammyRocket-Prefix.pch";
				INFOPLIST_FILE = "HammyRocketTests/HammyRocketTests-Info.plist";
				PRODUCT_NAME = "$(TARGET_NAME)";
				TEST_HOST = "$(BUNDLE_LOADER)";
				WRAPPER_EXTENSION = xctest;
			};
			name = Release;
		};
/* End XCBuildConfiguration section */

/* Begin XCConfigurationList section */
		840180391835537700583789 /* Build configuration list for PBXProject "HammyRocket" */ = {
			isa = XCConfigurationList;
			buildConfigurations = (
				840180681835537700583789 /* Debug */,
				840180691835537700583789 /* Release */,
			);
			defaultConfigurationIsVisible = 0;
			defaultConfigurationName = Release;
		};
		8401806A1835537700583789 /* Build configuration list for PBXNativeTarget "HammyRocket" */ = {
			isa = XCConfigurationList;
			buildConfigurations = (
				8401806B1835537700583789 /* Debug */,
				8401806C1835537700583789 /* Release */,
			);
			defaultConfigurationIsVisible = 0;
			defaultConfigurationName = Release;
		};
		8401806D1835537700583789 /* Build configuration list for PBXNativeTarget "HammyRocketTests" */ = {
			isa = XCConfigurationList;
			buildConfigurations = (
				8401806E1835537700583789 /* Debug */,
				8401806F1835537700583789 /* Release */,
			);
			defaultConfigurationIsVisible = 0;
			defaultConfigurationName = Release;
		};
/* End XCConfigurationList section */
	};
	rootObject = 840180361835537700583789 /* Project object */;
}
